// !$*UTF8*$!
{
	archiveVersion = 1;
	classes = {
	};
	objectVersion = 46;
	objects = {

/* Begin PBXBuildFile section */
		03AC146C1C85F39800C156A3 /* AppDelegate.swift in Sources */ = {isa = PBXBuildFile; fileRef = 03AC146B1C85F39800C156A3 /* AppDelegate.swift */; };
		03AC14711C85F39800C156A3 /* Main.storyboard in Resources */ = {isa = PBXBuildFile; fileRef = 03AC146F1C85F39800C156A3 /* Main.storyboard */; };
		03AC14731C85F39800C156A3 /* Assets.xcassets in Resources */ = {isa = PBXBuildFile; fileRef = 03AC14721C85F39800C156A3 /* Assets.xcassets */; };
		03AC14761C85F39800C156A3 /* LaunchScreen.storyboard in Resources */ = {isa = PBXBuildFile; fileRef = 03AC14741C85F39800C156A3 /* LaunchScreen.storyboard */; };
		03AC148D1C85F41000C156A3 /* ListBuzzwordsViewController.swift in Sources */ = {isa = PBXBuildFile; fileRef = 03AC148C1C85F41000C156A3 /* ListBuzzwordsViewController.swift */; };
		03AC14911C85F57600C156A3 /* InMemoryBuzzwordStoreTest.swift in Sources */ = {isa = PBXBuildFile; fileRef = 03AC14901C85F57600C156A3 /* InMemoryBuzzwordStoreTest.swift */; };
		03AC14941C85F60600C156A3 /* Buzzword.swift in Sources */ = {isa = PBXBuildFile; fileRef = 03AC14931C85F60600C156A3 /* Buzzword.swift */; };
		03AC14961C85F6DE00C156A3 /* InMemoryBuzzwordStore.swift in Sources */ = {isa = PBXBuildFile; fileRef = 03AC14951C85F6DE00C156A3 /* InMemoryBuzzwordStore.swift */; };
		03AC14991C86030700C156A3 /* BuzzwordTest.swift in Sources */ = {isa = PBXBuildFile; fileRef = 03AC14981C86030700C156A3 /* BuzzwordTest.swift */; };
/* End PBXBuildFile section */

/* Begin PBXContainerItemProxy section */
		03AC147D1C85F39800C156A3 /* PBXContainerItemProxy */ = {
			isa = PBXContainerItemProxy;
			containerPortal = 03AC14601C85F39800C156A3 /* Project object */;
			proxyType = 1;
			remoteGlobalIDString = 03AC14671C85F39800C156A3;
			remoteInfo = SwiftDiver;
		};
/* End PBXContainerItemProxy section */

/* Begin PBXFileReference section */
		03AC14681C85F39800C156A3 /* SwiftDiver.app */ = {isa = PBXFileReference; explicitFileType = wrapper.application; includeInIndex = 0; path = SwiftDiver.app; sourceTree = BUILT_PRODUCTS_DIR; };
		03AC146B1C85F39800C156A3 /* AppDelegate.swift */ = {isa = PBXFileReference; lastKnownFileType = sourcecode.swift; path = AppDelegate.swift; sourceTree = "<group>"; };
		03AC14701C85F39800C156A3 /* Base */ = {isa = PBXFileReference; lastKnownFileType = file.storyboard; name = Base; path = Base.lproj/Main.storyboard; sourceTree = "<group>"; };
		03AC14721C85F39800C156A3 /* Assets.xcassets */ = {isa = PBXFileReference; lastKnownFileType = folder.assetcatalog; path = Assets.xcassets; sourceTree = "<group>"; };
		03AC14751C85F39800C156A3 /* Base */ = {isa = PBXFileReference; lastKnownFileType = file.storyboard; name = Base; path = Base.lproj/LaunchScreen.storyboard; sourceTree = "<group>"; };
		03AC14771C85F39800C156A3 /* Info.plist */ = {isa = PBXFileReference; lastKnownFileType = text.plist.xml; path = Info.plist; sourceTree = "<group>"; };
		03AC147C1C85F39800C156A3 /* SwiftDiverTests.xctest */ = {isa = PBXFileReference; explicitFileType = wrapper.cfbundle; includeInIndex = 0; path = SwiftDiverTests.xctest; sourceTree = BUILT_PRODUCTS_DIR; };
		03AC14821C85F39800C156A3 /* Info.plist */ = {isa = PBXFileReference; lastKnownFileType = text.plist.xml; path = Info.plist; sourceTree = "<group>"; };
		03AC148C1C85F41000C156A3 /* ListBuzzwordsViewController.swift */ = {isa = PBXFileReference; fileEncoding = 4; lastKnownFileType = sourcecode.swift; path = ListBuzzwordsViewController.swift; sourceTree = "<group>"; };
		03AC14901C85F57600C156A3 /* InMemoryBuzzwordStoreTest.swift */ = {isa = PBXFileReference; fileEncoding = 4; lastKnownFileType = sourcecode.swift; path = InMemoryBuzzwordStoreTest.swift; sourceTree = "<group>"; };
		03AC14931C85F60600C156A3 /* Buzzword.swift */ = {isa = PBXFileReference; fileEncoding = 4; lastKnownFileType = sourcecode.swift; path = Buzzword.swift; sourceTree = "<group>"; };
		03AC14951C85F6DE00C156A3 /* InMemoryBuzzwordStore.swift */ = {isa = PBXFileReference; fileEncoding = 4; lastKnownFileType = sourcecode.swift; path = InMemoryBuzzwordStore.swift; sourceTree = "<group>"; };
		03AC14981C86030700C156A3 /* BuzzwordTest.swift */ = {isa = PBXFileReference; fileEncoding = 4; lastKnownFileType = sourcecode.swift; path = BuzzwordTest.swift; sourceTree = "<group>"; };
/* End PBXFileReference section */

/* Begin PBXFrameworksBuildPhase section */
		03AC14651C85F39800C156A3 /* Frameworks */ = {
			isa = PBXFrameworksBuildPhase;
			buildActionMask = 2147483647;
			files = (
			);
			runOnlyForDeploymentPostprocessing = 0;
		};
		03AC14791C85F39800C156A3 /* Frameworks */ = {
			isa = PBXFrameworksBuildPhase;
			buildActionMask = 2147483647;
			files = (
			);
			runOnlyForDeploymentPostprocessing = 0;
		};
/* End PBXFrameworksBuildPhase section */

/* Begin PBXGroup section */
		03AC145F1C85F39800C156A3 = {
			isa = PBXGroup;
			children = (
				03AC146A1C85F39800C156A3 /* SwiftDiver */,
				03AC147F1C85F39800C156A3 /* SwiftDiverTests */,
				03AC14691C85F39800C156A3 /* Products */,
			);
			sourceTree = "<group>";
		};
		03AC14691C85F39800C156A3 /* Products */ = {
			isa = PBXGroup;
			children = (
				03AC14681C85F39800C156A3 /* SwiftDiver.app */,
				03AC147C1C85F39800C156A3 /* SwiftDiverTests.xctest */,
			);
			name = Products;
			sourceTree = "<group>";
		};
		03AC146A1C85F39800C156A3 /* SwiftDiver */ = {
			isa = PBXGroup;
			children = (
				03AC14921C85F5F800C156A3 /* Models */,
				03AC148E1C85F52900C156A3 /* DataStore */,
				03AC148B1C85F3ED00C156A3 /* ListBuzzwords */,
				03AC146B1C85F39800C156A3 /* AppDelegate.swift */,
				03AC146F1C85F39800C156A3 /* Main.storyboard */,
				03AC14721C85F39800C156A3 /* Assets.xcassets */,
				03AC14741C85F39800C156A3 /* LaunchScreen.storyboard */,
				03AC14771C85F39800C156A3 /* Info.plist */,
			);
			path = SwiftDiver;
			sourceTree = "<group>";
		};
		03AC147F1C85F39800C156A3 /* SwiftDiverTests */ = {
			isa = PBXGroup;
			children = (
				03AC14971C8602E500C156A3 /* Models */,
				03AC148F1C85F54000C156A3 /* DataStore */,
				03AC14821C85F39800C156A3 /* Info.plist */,
			);
			path = SwiftDiverTests;
			sourceTree = "<group>";
		};
		03AC148B1C85F3ED00C156A3 /* ListBuzzwords */ = {
			isa = PBXGroup;
			children = (
				03AC148C1C85F41000C156A3 /* ListBuzzwordsViewController.swift */,
			);
			path = ListBuzzwords;
			sourceTree = "<group>";
		};
		03AC148E1C85F52900C156A3 /* DataStore */ = {
			isa = PBXGroup;
			children = (
				03AC14951C85F6DE00C156A3 /* InMemoryBuzzwordStore.swift */,
			);
			path = DataStore;
			sourceTree = "<group>";
		};
		03AC148F1C85F54000C156A3 /* DataStore */ = {
			isa = PBXGroup;
			children = (
				03AC14901C85F57600C156A3 /* InMemoryBuzzwordStoreTest.swift */,
			);
			path = DataStore;
			sourceTree = "<group>";
		};
		03AC14921C85F5F800C156A3 /* Models */ = {
			isa = PBXGroup;
			children = (
				03AC14931C85F60600C156A3 /* Buzzword.swift */,
			);
			path = Models;
			sourceTree = "<group>";
		};
		03AC14971C8602E500C156A3 /* Models */ = {
			isa = PBXGroup;
			children = (
				03AC14981C86030700C156A3 /* BuzzwordTest.swift */,
			);
			path = Models;
			sourceTree = "<group>";
		};
/* End PBXGroup section */

/* Begin PBXNativeTarget section */
		03AC14671C85F39800C156A3 /* SwiftDiver */ = {
			isa = PBXNativeTarget;
			buildConfigurationList = 03AC14851C85F39800C156A3 /* Build configuration list for PBXNativeTarget "SwiftDiver" */;
			buildPhases = (
				03AC14641C85F39800C156A3 /* Sources */,
				03AC14651C85F39800C156A3 /* Frameworks */,
				03AC14661C85F39800C156A3 /* Resources */,
			);
			buildRules = (
			);
			dependencies = (
			);
			name = SwiftDiver;
			productName = SwiftDiver;
			productReference = 03AC14681C85F39800C156A3 /* SwiftDiver.app */;
			productType = "com.apple.product-type.application";
		};
		03AC147B1C85F39800C156A3 /* SwiftDiverTests */ = {
			isa = PBXNativeTarget;
			buildConfigurationList = 03AC14881C85F39800C156A3 /* Build configuration list for PBXNativeTarget "SwiftDiverTests" */;
			buildPhases = (
				03AC14781C85F39800C156A3 /* Sources */,
				03AC14791C85F39800C156A3 /* Frameworks */,
				03AC147A1C85F39800C156A3 /* Resources */,
			);
			buildRules = (
			);
			dependencies = (
				03AC147E1C85F39800C156A3 /* PBXTargetDependency */,
			);
			name = SwiftDiverTests;
			productName = SwiftDiverTests;
			productReference = 03AC147C1C85F39800C156A3 /* SwiftDiverTests.xctest */;
			productType = "com.apple.product-type.bundle.unit-test";
		};
/* End PBXNativeTarget section */

/* Begin PBXProject section */
		03AC14601C85F39800C156A3 /* Project object */ = {
			isa = PBXProject;
			attributes = {
				LastSwiftUpdateCheck = 0720;
				LastUpgradeCheck = 0720;
				ORGANIZATIONNAME = BFH;
				TargetAttributes = {
					03AC14671C85F39800C156A3 = {
						CreatedOnToolsVersion = 7.2.1;
					};
					03AC147B1C85F39800C156A3 = {
						CreatedOnToolsVersion = 7.2.1;
						TestTargetID = 03AC14671C85F39800C156A3;
					};
				};
			};
			buildConfigurationList = 03AC14631C85F39800C156A3 /* Build configuration list for PBXProject "SwiftDiver" */;
			compatibilityVersion = "Xcode 3.2";
			developmentRegion = English;
			hasScannedForEncodings = 0;
			knownRegions = (
				en,
				Base,
			);
			mainGroup = 03AC145F1C85F39800C156A3;
			productRefGroup = 03AC14691C85F39800C156A3 /* Products */;
			projectDirPath = "";
			projectRoot = "";
			targets = (
				03AC14671C85F39800C156A3 /* SwiftDiver */,
				03AC147B1C85F39800C156A3 /* SwiftDiverTests */,
			);
		};
/* End PBXProject section */

/* Begin PBXResourcesBuildPhase section */
		03AC14661C85F39800C156A3 /* Resources */ = {
			isa = PBXResourcesBuildPhase;
			buildActionMask = 2147483647;
			files = (
				03AC14761C85F39800C156A3 /* LaunchScreen.storyboard in Resources */,
				03AC14731C85F39800C156A3 /* Assets.xcassets in Resources */,
				03AC14711C85F39800C156A3 /* Main.storyboard in Resources */,
			);
			runOnlyForDeploymentPostprocessing = 0;
		};
		03AC147A1C85F39800C156A3 /* Resources */ = {
			isa = PBXResourcesBuildPhase;
			buildActionMask = 2147483647;
			files = (
			);
			runOnlyForDeploymentPostprocessing = 0;
		};
/* End PBXResourcesBuildPhase section */

/* Begin PBXSourcesBuildPhase section */
		03AC14641C85F39800C156A3 /* Sources */ = {
			isa = PBXSourcesBuildPhase;
			buildActionMask = 2147483647;
			files = (
				03AC146C1C85F39800C156A3 /* AppDelegate.swift in Sources */,
				03AC148D1C85F41000C156A3 /* ListBuzzwordsViewController.swift in Sources */,
				03AC14961C85F6DE00C156A3 /* InMemoryBuzzwordStore.swift in Sources */,
				03AC14941C85F60600C156A3 /* Buzzword.swift in Sources */,
			);
			runOnlyForDeploymentPostprocessing = 0;
		};
		03AC14781C85F39800C156A3 /* Sources */ = {
			isa = PBXSourcesBuildPhase;
			buildActionMask = 2147483647;
			files = (
				03AC14991C86030700C156A3 /* BuzzwordTest.swift in Sources */,
				03AC14911C85F57600C156A3 /* InMemoryBuzzwordStoreTest.swift in Sources */,
			);
			runOnlyForDeploymentPostprocessing = 0;
		};
/* End PBXSourcesBuildPhase section */

/* Begin PBXTargetDependency section */
		03AC147E1C85F39800C156A3 /* PBXTargetDependency */ = {
			isa = PBXTargetDependency;
			target = 03AC14671C85F39800C156A3 /* SwiftDiver */;
			targetProxy = 03AC147D1C85F39800C156A3 /* PBXContainerItemProxy */;
		};
/* End PBXTargetDependency section */

/* Begin PBXVariantGroup section */
		03AC146F1C85F39800C156A3 /* Main.storyboard */ = {
			isa = PBXVariantGroup;
			children = (
				03AC14701C85F39800C156A3 /* Base */,
			);
			name = Main.storyboard;
			sourceTree = "<group>";
		};
		03AC14741C85F39800C156A3 /* LaunchScreen.storyboard */ = {
			isa = PBXVariantGroup;
			children = (
				03AC14751C85F39800C156A3 /* Base */,
			);
			name = LaunchScreen.storyboard;
			sourceTree = "<group>";
		};
/* End PBXVariantGroup section */

/* Begin XCBuildConfiguration section */
		03AC14831C85F39800C156A3 /* Debug */ = {
			isa = XCBuildConfiguration;
			buildSettings = {
				ALWAYS_SEARCH_USER_PATHS = NO;
				CLANG_CXX_LANGUAGE_STANDARD = "gnu++0x";
				CLANG_CXX_LIBRARY = "libc++";
				CLANG_ENABLE_MODULES = YES;
				CLANG_ENABLE_OBJC_ARC = YES;
				CLANG_WARN_BOOL_CONVERSION = YES;
				CLANG_WARN_CONSTANT_CONVERSION = YES;
				CLANG_WARN_DIRECT_OBJC_ISA_USAGE = YES_ERROR;
				CLANG_WARN_EMPTY_BODY = YES;
				CLANG_WARN_ENUM_CONVERSION = YES;
				CLANG_WARN_INT_CONVERSION = YES;
				CLANG_WARN_OBJC_ROOT_CLASS = YES_ERROR;
				CLANG_WARN_UNREACHABLE_CODE = YES;
				CLANG_WARN__DUPLICATE_METHOD_MATCH = YES;
				"CODE_SIGN_IDENTITY[sdk=iphoneos*]" = "iPhone Developer";
				COPY_PHASE_STRIP = NO;
				DEBUG_INFORMATION_FORMAT = dwarf;
				ENABLE_STRICT_OBJC_MSGSEND = YES;
				ENABLE_TESTABILITY = YES;
				GCC_C_LANGUAGE_STANDARD = gnu99;
				GCC_DYNAMIC_NO_PIC = NO;
				GCC_NO_COMMON_BLOCKS = YES;
				GCC_OPTIMIZATION_LEVEL = 0;
				GCC_PREPROCESSOR_DEFINITIONS = (
					"DEBUG=1",
					"$(inherited)",
				);
				GCC_WARN_64_TO_32_BIT_CONVERSION = YES;
				GCC_WARN_ABOUT_RETURN_TYPE = YES_ERROR;
				GCC_WARN_UNDECLARED_SELECTOR = YES;
				GCC_WARN_UNINITIALIZED_AUTOS = YES_AGGRESSIVE;
				GCC_WARN_UNUSED_FUNCTION = YES;
				GCC_WARN_UNUSED_VARIABLE = YES;
				IPHONEOS_DEPLOYMENT_TARGET = 9.2;
				MTL_ENABLE_DEBUG_INFO = YES;
				ONLY_ACTIVE_ARCH = YES;
				SDKROOT = iphoneos;
				SWIFT_OPTIMIZATION_LEVEL = "-Onone";
			};
			name = Debug;
		};
		03AC14841C85F39800C156A3 /* Release */ = {
			isa = XCBuildConfiguration;
			buildSettings = {
				ALWAYS_SEARCH_USER_PATHS = NO;
				CLANG_CXX_LANGUAGE_STANDARD = "gnu++0x";
				CLANG_CXX_LIBRARY = "libc++";
				CLANG_ENABLE_MODULES = YES;
				CLANG_ENABLE_OBJC_ARC = YES;
				CLANG_WARN_BOOL_CONVERSION = YES;
				CLANG_WARN_CONSTANT_CONVERSION = YES;
				CLANG_WARN_DIRECT_OBJC_ISA_USAGE = YES_ERROR;
				CLANG_WARN_EMPTY_BODY = YES;
				CLANG_WARN_ENUM_CONVERSION = YES;
				CLANG_WARN_INT_CONVERSION = YES;
				CLANG_WARN_OBJC_ROOT_CLASS = YES_ERROR;
				CLANG_WARN_UNREACHABLE_CODE = YES;
				CLANG_WARN__DUPLICATE_METHOD_MATCH = YES;
				"CODE_SIGN_IDENTITY[sdk=iphoneos*]" = "iPhone Developer";
				COPY_PHASE_STRIP = NO;
				DEBUG_INFORMATION_FORMAT = "dwarf-with-dsym";
				ENABLE_NS_ASSERTIONS = NO;
				ENABLE_STRICT_OBJC_MSGSEND = YES;
				GCC_C_LANGUAGE_STANDARD = gnu99;
				GCC_NO_COMMON_BLOCKS = YES;
				GCC_WARN_64_TO_32_BIT_CONVERSION = YES;
				GCC_WARN_ABOUT_RETURN_TYPE = YES_ERROR;
				GCC_WARN_UNDECLARED_SELECTOR = YES;
				GCC_WARN_UNINITIALIZED_AUTOS = YES_AGGRESSIVE;
				GCC_WARN_UNUSED_FUNCTION = YES;
				GCC_WARN_UNUSED_VARIABLE = YES;
				IPHONEOS_DEPLOYMENT_TARGET = 9.2;
				MTL_ENABLE_DEBUG_INFO = NO;
				SDKROOT = iphoneos;
				VALIDATE_PRODUCT = YES;
			};
			name = Release;
		};
		03AC14861C85F39800C156A3 /* Debug */ = {
			isa = XCBuildConfiguration;
			buildSettings = {
				ASSETCATALOG_COMPILER_APPICON_NAME = AppIcon;
				INFOPLIST_FILE = SwiftDiver/Info.plist;
				LD_RUNPATH_SEARCH_PATHS = "$(inherited) @executable_path/Frameworks";
				PRODUCT_BUNDLE_IDENTIFIER = ch.bfh.SwiftDiver;
				PRODUCT_NAME = "$(TARGET_NAME)";
			};
			name = Debug;
		};
		03AC14871C85F39800C156A3 /* Release */ = {
			isa = XCBuildConfiguration;
			buildSettings = {
				ASSETCATALOG_COMPILER_APPICON_NAME = AppIcon;
				INFOPLIST_FILE = SwiftDiver/Info.plist;
				LD_RUNPATH_SEARCH_PATHS = "$(inherited) @executable_path/Frameworks";
				PRODUCT_BUNDLE_IDENTIFIER = ch.bfh.SwiftDiver;
				PRODUCT_NAME = "$(TARGET_NAME)";
			};
			name = Release;
		};
		03AC14891C85F39800C156A3 /* Debug */ = {
			isa = XCBuildConfiguration;
			buildSettings = {
				BUNDLE_LOADER = "$(TEST_HOST)";
				CLANG_ENABLE_MODULES = YES;
				INFOPLIST_FILE = SwiftDiverTests/Info.plist;
				LD_RUNPATH_SEARCH_PATHS = "$(inherited) @executable_path/Frameworks @loader_path/Frameworks";
				PRODUCT_BUNDLE_IDENTIFIER = ch.bfh.SwiftDiverTests;
				PRODUCT_NAME = "$(TARGET_NAME)";
				SWIFT_OPTIMIZATION_LEVEL = "-Onone";
				TEST_HOST = "$(BUILT_PRODUCTS_DIR)/SwiftDiver.app/SwiftDiver";
			};
			name = Debug;
		};
		03AC148A1C85F39800C156A3 /* Release */ = {
			isa = XCBuildConfiguration;
			buildSettings = {
				BUNDLE_LOADER = "$(TEST_HOST)";
				CLANG_ENABLE_MODULES = YES;
				INFOPLIST_FILE = SwiftDiverTests/Info.plist;
				LD_RUNPATH_SEARCH_PATHS = "$(inherited) @executable_path/Frameworks @loader_path/Frameworks";
				PRODUCT_BUNDLE_IDENTIFIER = ch.bfh.SwiftDiverTests;
				PRODUCT_NAME = "$(TARGET_NAME)";
				TEST_HOST = "$(BUILT_PRODUCTS_DIR)/SwiftDiver.app/SwiftDiver";
			};
			name = Release;
		};
/* End XCBuildConfiguration section */

/* Begin XCConfigurationList section */
		03AC14631C85F39800C156A3 /* Build configuration list for PBXProject "SwiftDiver" */ = {
			isa = XCConfigurationList;
			buildConfigurations = (
				03AC14831C85F39800C156A3 /* Debug */,
				03AC14841C85F39800C156A3 /* Release */,
			);
			defaultConfigurationIsVisible = 0;
			defaultConfigurationName = Release;
		};
		03AC14851C85F39800C156A3 /* Build configuration list for PBXNativeTarget "SwiftDiver" */ = {
			isa = XCConfigurationList;
			buildConfigurations = (
				03AC14861C85F39800C156A3 /* Debug */,
				03AC14871C85F39800C156A3 /* Release */,
			);
			defaultConfigurationIsVisible = 0;
		};
		03AC14881C85F39800C156A3 /* Build configuration list for PBXNativeTarget "SwiftDiverTests" */ = {
			isa = XCConfigurationList;
			buildConfigurations = (
				03AC14891C85F39800C156A3 /* Debug */,
				03AC148A1C85F39800C156A3 /* Release */,
			);
			defaultConfigurationIsVisible = 0;
		};
/* End XCConfigurationList section */
	};
	rootObject = 03AC14601C85F39800C156A3 /* Project object */;
}
