// !$*UTF8*$!
{
	archiveVersion = 1;
	classes = {
	};
	objectVersion = 46;
	objects = {

/* Begin PBXBuildFile section */
		03D1DF701CA1A35E00DCF489 /* ListBuzzwordsViewController.swift in Sources */ = {isa = PBXBuildFile; fileRef = 03D1DF6F1CA1A35E00DCF489 /* ListBuzzwordsViewController.swift */; };
		03D1DF721CA1A38800DCF489 /* AddBuzzwordViewController.swift in Sources */ = {isa = PBXBuildFile; fileRef = 03D1DF711CA1A38800DCF489 /* AddBuzzwordViewController.swift */; };
		03D1DF7B1CA1B76C00DCF489 /* BorderedTextView.swift in Sources */ = {isa = PBXBuildFile; fileRef = 03D1DF7A1CA1B76C00DCF489 /* BorderedTextView.swift */; };
		03D232031CA19D4300DA7B4F /* AppDelegate.swift in Sources */ = {isa = PBXBuildFile; fileRef = 03D231F61CA19D4300DA7B4F /* AppDelegate.swift */; };
		03D232041CA19D4300DA7B4F /* Assets.xcassets in Resources */ = {isa = PBXBuildFile; fileRef = 03D231F71CA19D4300DA7B4F /* Assets.xcassets */; };
		03D232051CA19D4300DA7B4F /* LaunchScreen.storyboard in Resources */ = {isa = PBXBuildFile; fileRef = 03D231F81CA19D4300DA7B4F /* LaunchScreen.storyboard */; };
		03D232061CA19D4300DA7B4F /* Main.storyboard in Resources */ = {isa = PBXBuildFile; fileRef = 03D231FA1CA19D4300DA7B4F /* Main.storyboard */; };
		03D232071CA19D4300DA7B4F /* InMemoryBuzzwordStore.swift in Sources */ = {isa = PBXBuildFile; fileRef = 03D231FD1CA19D4300DA7B4F /* InMemoryBuzzwordStore.swift */; };
		03D2320A1CA19D4300DA7B4F /* Buzzword.swift in Sources */ = {isa = PBXBuildFile; fileRef = 03D232021CA19D4300DA7B4F /* Buzzword.swift */; };
		03D232141CA19DDB00DA7B4F /* InMemoryBuzzwordStoreTest.swift in Sources */ = {isa = PBXBuildFile; fileRef = 03D2320D1CA19D4D00DA7B4F /* InMemoryBuzzwordStoreTest.swift */; };
		03D232151CA19DDE00DA7B4F /* BuzzwordTest.swift in Sources */ = {isa = PBXBuildFile; fileRef = 03D232101CA19D4D00DA7B4F /* BuzzwordTest.swift */; };
/* End PBXBuildFile section */

/* Begin PBXContainerItemProxy section */
		03AC147D1C85F39800C156A3 /* PBXContainerItemProxy */ = {
			isa = PBXContainerItemProxy;
			containerPortal = 03AC14601C85F39800C156A3 /* Project object */;
			proxyType = 1;
			remoteGlobalIDString = 03AC14671C85F39800C156A3;
			remoteInfo = SwiftDiver;
		};
/* End PBXContainerItemProxy section */

/* Begin PBXFileReference section */
		03AC14681C85F39800C156A3 /* Buzzword.app */ = {isa = PBXFileReference; explicitFileType = wrapper.application; includeInIndex = 0; path = Buzzword.app; sourceTree = BUILT_PRODUCTS_DIR; };
		03AC147C1C85F39800C156A3 /* BuzzwordTests.xctest */ = {isa = PBXFileReference; explicitFileType = wrapper.cfbundle; includeInIndex = 0; path = BuzzwordTests.xctest; sourceTree = BUILT_PRODUCTS_DIR; };
		03D1DF6F1CA1A35E00DCF489 /* ListBuzzwordsViewController.swift */ = {isa = PBXFileReference; fileEncoding = 4; lastKnownFileType = sourcecode.swift; path = ListBuzzwordsViewController.swift; sourceTree = "<group>"; };
		03D1DF711CA1A38800DCF489 /* AddBuzzwordViewController.swift */ = {isa = PBXFileReference; fileEncoding = 4; lastKnownFileType = sourcecode.swift; path = AddBuzzwordViewController.swift; sourceTree = "<group>"; };
		03D1DF7A1CA1B76C00DCF489 /* BorderedTextView.swift */ = {isa = PBXFileReference; fileEncoding = 4; lastKnownFileType = sourcecode.swift; path = BorderedTextView.swift; sourceTree = "<group>"; };
		03D231F61CA19D4300DA7B4F /* AppDelegate.swift */ = {isa = PBXFileReference; fileEncoding = 4; lastKnownFileType = sourcecode.swift; path = AppDelegate.swift; sourceTree = "<group>"; };
		03D231F71CA19D4300DA7B4F /* Assets.xcassets */ = {isa = PBXFileReference; lastKnownFileType = folder.assetcatalog; path = Assets.xcassets; sourceTree = "<group>"; };
		03D231F91CA19D4300DA7B4F /* Base */ = {isa = PBXFileReference; lastKnownFileType = file.storyboard; name = Base; path = Base.lproj/LaunchScreen.storyboard; sourceTree = "<group>"; };
		03D231FB1CA19D4300DA7B4F /* Base */ = {isa = PBXFileReference; lastKnownFileType = file.storyboard; name = Base; path = Base.lproj/Main.storyboard; sourceTree = "<group>"; };
		03D231FD1CA19D4300DA7B4F /* InMemoryBuzzwordStore.swift */ = {isa = PBXFileReference; fileEncoding = 4; lastKnownFileType = sourcecode.swift; path = InMemoryBuzzwordStore.swift; sourceTree = "<group>"; };
		03D231FE1CA19D4300DA7B4F /* Info.plist */ = {isa = PBXFileReference; fileEncoding = 4; lastKnownFileType = text.plist.xml; path = Info.plist; sourceTree = "<group>"; };
		03D232021CA19D4300DA7B4F /* Buzzword.swift */ = {isa = PBXFileReference; fileEncoding = 4; lastKnownFileType = sourcecode.swift; path = Buzzword.swift; sourceTree = "<group>"; };
		03D2320D1CA19D4D00DA7B4F /* InMemoryBuzzwordStoreTest.swift */ = {isa = PBXFileReference; fileEncoding = 4; lastKnownFileType = sourcecode.swift; path = InMemoryBuzzwordStoreTest.swift; sourceTree = "<group>"; };
		03D2320E1CA19D4D00DA7B4F /* Info.plist */ = {isa = PBXFileReference; fileEncoding = 4; lastKnownFileType = text.plist.xml; path = Info.plist; sourceTree = "<group>"; };
		03D232101CA19D4D00DA7B4F /* BuzzwordTest.swift */ = {isa = PBXFileReference; fileEncoding = 4; lastKnownFileType = sourcecode.swift; path = BuzzwordTest.swift; sourceTree = "<group>"; };
/* End PBXFileReference section */

/* Begin PBXFrameworksBuildPhase section */
		03AC14651C85F39800C156A3 /* Frameworks */ = {
			isa = PBXFrameworksBuildPhase;
			buildActionMask = 2147483647;
			files = (
			);
			runOnlyForDeploymentPostprocessing = 0;
		};
		03AC14791C85F39800C156A3 /* Frameworks */ = {
			isa = PBXFrameworksBuildPhase;
			buildActionMask = 2147483647;
			files = (
			);
			runOnlyForDeploymentPostprocessing = 0;
		};
/* End PBXFrameworksBuildPhase section */

/* Begin PBXGroup section */
		03AC145F1C85F39800C156A3 = {
			isa = PBXGroup;
			children = (
				03D1DF781CA1B76C00DCF489 /* Common */,
				03D231F51CA19D4300DA7B4F /* Buzzword */,
				03D2320B1CA19D4D00DA7B4F /* BuzzwordTests */,
				03AC14691C85F39800C156A3 /* Products */,
			);
			sourceTree = "<group>";
		};
		03AC14691C85F39800C156A3 /* Products */ = {
			isa = PBXGroup;
			children = (
				03AC14681C85F39800C156A3 /* Buzzword.app */,
				03AC147C1C85F39800C156A3 /* BuzzwordTests.xctest */,
			);
			name = Products;
			sourceTree = "<group>";
		};
		03D1DF6C1CA1A35E00DCF489 /* Scenes */ = {
			isa = PBXGroup;
			children = (
				03D1DF6D1CA1A35E00DCF489 /* AddBuzzwords */,
				03D1DF6E1CA1A35E00DCF489 /* ListBuzzwords */,
			);
			path = Scenes;
			sourceTree = "<group>";
		};
		03D1DF6D1CA1A35E00DCF489 /* AddBuzzwords */ = {
			isa = PBXGroup;
			children = (
				03D1DF711CA1A38800DCF489 /* AddBuzzwordViewController.swift */,
			);
			path = AddBuzzwords;
			sourceTree = "<group>";
		};
		03D1DF6E1CA1A35E00DCF489 /* ListBuzzwords */ = {
			isa = PBXGroup;
			children = (
				03D1DF6F1CA1A35E00DCF489 /* ListBuzzwordsViewController.swift */,
			);
			path = ListBuzzwords;
			sourceTree = "<group>";
		};
		03D1DF781CA1B76C00DCF489 /* Common */ = {
			isa = PBXGroup;
			children = (
				03D1DF791CA1B76C00DCF489 /* Views */,
			);
			name = Common;
			path = Buzzword/Common;
			sourceTree = "<group>";
		};
		03D1DF791CA1B76C00DCF489 /* Views */ = {
			isa = PBXGroup;
			children = (
				03D1DF7A1CA1B76C00DCF489 /* BorderedTextView.swift */,
			);
			path = Views;
			sourceTree = "<group>";
		};
		03D231F51CA19D4300DA7B4F /* Buzzword */ = {
			isa = PBXGroup;
			children = (
				03D231F61CA19D4300DA7B4F /* AppDelegate.swift */,
				03D231F71CA19D4300DA7B4F /* Assets.xcassets */,
				03D231F81CA19D4300DA7B4F /* LaunchScreen.storyboard */,
				03D231FA1CA19D4300DA7B4F /* Main.storyboard */,
				03D231FC1CA19D4300DA7B4F /* DataStore */,
				03D231FE1CA19D4300DA7B4F /* Info.plist */,
				03D232011CA19D4300DA7B4F /* Models */,
				03D1DF6C1CA1A35E00DCF489 /* Scenes */,
			);
			path = Buzzword;
			sourceTree = "<group>";
		};
		03D231FC1CA19D4300DA7B4F /* DataStore */ = {
			isa = PBXGroup;
			children = (
				03D231FD1CA19D4300DA7B4F /* InMemoryBuzzwordStore.swift */,
			);
			path = DataStore;
			sourceTree = "<group>";
		};
		03D232011CA19D4300DA7B4F /* Models */ = {
			isa = PBXGroup;
			children = (
				03D232021CA19D4300DA7B4F /* Buzzword.swift */,
			);
			path = Models;
			sourceTree = "<group>";
		};
		03D2320B1CA19D4D00DA7B4F /* BuzzwordTests */ = {
			isa = PBXGroup;
			children = (
				03D2320C1CA19D4D00DA7B4F /* DataStore */,
				03D2320E1CA19D4D00DA7B4F /* Info.plist */,
				03D2320F1CA19D4D00DA7B4F /* Models */,
			);
			path = BuzzwordTests;
			sourceTree = "<group>";
		};
		03D2320C1CA19D4D00DA7B4F /* DataStore */ = {
			isa = PBXGroup;
			children = (
				03D2320D1CA19D4D00DA7B4F /* InMemoryBuzzwordStoreTest.swift */,
			);
			path = DataStore;
			sourceTree = "<group>";
		};
		03D2320F1CA19D4D00DA7B4F /* Models */ = {
			isa = PBXGroup;
			children = (
				03D232101CA19D4D00DA7B4F /* BuzzwordTest.swift */,
			);
			path = Models;
			sourceTree = "<group>";
		};
/* End PBXGroup section */

/* Begin PBXNativeTarget section */
		03AC14671C85F39800C156A3 /* Buzzword */ = {
			isa = PBXNativeTarget;
			buildConfigurationList = 03AC14851C85F39800C156A3 /* Build configuration list for PBXNativeTarget "Buzzword" */;
			buildPhases = (
				03AC14641C85F39800C156A3 /* Sources */,
				03AC14651C85F39800C156A3 /* Frameworks */,
				03AC14661C85F39800C156A3 /* Resources */,
			);
			buildRules = (
			);
			dependencies = (
			);
			name = Buzzword;
			productName = SwiftDiver;
			productReference = 03AC14681C85F39800C156A3 /* Buzzword.app */;
			productType = "com.apple.product-type.application";
		};
		03AC147B1C85F39800C156A3 /* BuzzwordTests */ = {
			isa = PBXNativeTarget;
			buildConfigurationList = 03AC14881C85F39800C156A3 /* Build configuration list for PBXNativeTarget "BuzzwordTests" */;
			buildPhases = (
				03AC14781C85F39800C156A3 /* Sources */,
				03AC14791C85F39800C156A3 /* Frameworks */,
				03AC147A1C85F39800C156A3 /* Resources */,
			);
			buildRules = (
			);
			dependencies = (
				03AC147E1C85F39800C156A3 /* PBXTargetDependency */,
			);
			name = BuzzwordTests;
			productName = SwiftDiverTests;
			productReference = 03AC147C1C85F39800C156A3 /* BuzzwordTests.xctest */;
			productType = "com.apple.product-type.bundle.unit-test";
		};
/* End PBXNativeTarget section */

/* Begin PBXProject section */
		03AC14601C85F39800C156A3 /* Project object */ = {
			isa = PBXProject;
			attributes = {
				LastSwiftUpdateCheck = 0720;
				LastUpgradeCheck = 0720;
				ORGANIZATIONNAME = BFH;
				TargetAttributes = {
					03AC14671C85F39800C156A3 = {
						CreatedOnToolsVersion = 7.2.1;
					};
					03AC147B1C85F39800C156A3 = {
						CreatedOnToolsVersion = 7.2.1;
						TestTargetID = 03AC14671C85F39800C156A3;
					};
				};
			};
			buildConfigurationList = 03AC14631C85F39800C156A3 /* Build configuration list for PBXProject "Buzzowrd" */;
			compatibilityVersion = "Xcode 3.2";
			developmentRegion = English;
			hasScannedForEncodings = 0;
			knownRegions = (
				en,
				Base,
			);
			mainGroup = 03AC145F1C85F39800C156A3;
			productRefGroup = 03AC14691C85F39800C156A3 /* Products */;
			projectDirPath = "";
			projectRoot = "";
			targets = (
				03AC14671C85F39800C156A3 /* Buzzword */,
				03AC147B1C85F39800C156A3 /* BuzzwordTests */,
			);
		};
/* End PBXProject section */

/* Begin PBXResourcesBuildPhase section */
		03AC14661C85F39800C156A3 /* Resources */ = {
			isa = PBXResourcesBuildPhase;
			buildActionMask = 2147483647;
			files = (
				03D232061CA19D4300DA7B4F /* Main.storyboard in Resources */,
				03D232041CA19D4300DA7B4F /* Assets.xcassets in Resources */,
				03D232051CA19D4300DA7B4F /* LaunchScreen.storyboard in Resources */,
			);
			runOnlyForDeploymentPostprocessing = 0;
		};
		03AC147A1C85F39800C156A3 /* Resources */ = {
			isa = PBXResourcesBuildPhase;
			buildActionMask = 2147483647;
			files = (
			);
			runOnlyForDeploymentPostprocessing = 0;
		};
/* End PBXResourcesBuildPhase section */

/* Begin PBXSourcesBuildPhase section */
		03AC14641C85F39800C156A3 /* Sources */ = {
			isa = PBXSourcesBuildPhase;
			buildActionMask = 2147483647;
			files = (
				03D1DF721CA1A38800DCF489 /* AddBuzzwordViewController.swift in Sources */,
				03D2320A1CA19D4300DA7B4F /* Buzzword.swift in Sources */,
				03D232071CA19D4300DA7B4F /* InMemoryBuzzwordStore.swift in Sources */,
				03D232031CA19D4300DA7B4F /* AppDelegate.swift in Sources */,
				03D1DF7B1CA1B76C00DCF489 /* BorderedTextView.swift in Sources */,
				03D1DF701CA1A35E00DCF489 /* ListBuzzwordsViewController.swift in Sources */,
			);
			runOnlyForDeploymentPostprocessing = 0;
		};
		03AC14781C85F39800C156A3 /* Sources */ = {
			isa = PBXSourcesBuildPhase;
			buildActionMask = 2147483647;
			files = (
				03D232151CA19DDE00DA7B4F /* BuzzwordTest.swift in Sources */,
				03D232141CA19DDB00DA7B4F /* InMemoryBuzzwordStoreTest.swift in Sources */,
			);
			runOnlyForDeploymentPostprocessing = 0;
		};
/* End PBXSourcesBuildPhase section */

/* Begin PBXTargetDependency section */
		03AC147E1C85F39800C156A3 /* PBXTargetDependency */ = {
			isa = PBXTargetDependency;
			target = 03AC14671C85F39800C156A3 /* Buzzword */;
			targetProxy = 03AC147D1C85F39800C156A3 /* PBXContainerItemProxy */;
		};
/* End PBXTargetDependency section */

/* Begin PBXVariantGroup section */
		03D231F81CA19D4300DA7B4F /* LaunchScreen.storyboard */ = {
			isa = PBXVariantGroup;
			children = (
				03D231F91CA19D4300DA7B4F /* Base */,
			);
			name = LaunchScreen.storyboard;
			sourceTree = "<group>";
		};
		03D231FA1CA19D4300DA7B4F /* Main.storyboard */ = {
			isa = PBXVariantGroup;
			children = (
				03D231FB1CA19D4300DA7B4F /* Base */,
			);
			name = Main.storyboard;
			sourceTree = "<group>";
		};
/* End PBXVariantGroup section */

/* Begin XCBuildConfiguration section */
		03AC14831C85F39800C156A3 /* Debug */ = {
			isa = XCBuildConfiguration;
			buildSettings = {
				ALWAYS_SEARCH_USER_PATHS = NO;
				CLANG_CXX_LANGUAGE_STANDARD = "gnu++0x";
				CLANG_CXX_LIBRARY = "libc++";
				CLANG_ENABLE_MODULES = YES;
				CLANG_ENABLE_OBJC_ARC = YES;
				CLANG_WARN_BOOL_CONVERSION = YES;
				CLANG_WARN_CONSTANT_CONVERSION = YES;
				CLANG_WARN_DIRECT_OBJC_ISA_USAGE = YES_ERROR;
				CLANG_WARN_EMPTY_BODY = YES;
				CLANG_WARN_ENUM_CONVERSION = YES;
				CLANG_WARN_INT_CONVERSION = YES;
				CLANG_WARN_OBJC_ROOT_CLASS = YES_ERROR;
				CLANG_WARN_UNREACHABLE_CODE = YES;
				CLANG_WARN__DUPLICATE_METHOD_MATCH = YES;
				"CODE_SIGN_IDENTITY[sdk=iphoneos*]" = "iPhone Developer";
				COPY_PHASE_STRIP = NO;
				DEBUG_INFORMATION_FORMAT = dwarf;
				ENABLE_STRICT_OBJC_MSGSEND = YES;
				ENABLE_TESTABILITY = YES;
				GCC_C_LANGUAGE_STANDARD = gnu99;
				GCC_DYNAMIC_NO_PIC = NO;
				GCC_NO_COMMON_BLOCKS = YES;
				GCC_OPTIMIZATION_LEVEL = 0;
				GCC_PREPROCESSOR_DEFINITIONS = (
					"DEBUG=1",
					"$(inherited)",
				);
				GCC_WARN_64_TO_32_BIT_CONVERSION = YES;
				GCC_WARN_ABOUT_RETURN_TYPE = YES_ERROR;
				GCC_WARN_UNDECLARED_SELECTOR = YES;
				GCC_WARN_UNINITIALIZED_AUTOS = YES_AGGRESSIVE;
				GCC_WARN_UNUSED_FUNCTION = YES;
				GCC_WARN_UNUSED_VARIABLE = YES;
				IPHONEOS_DEPLOYMENT_TARGET = 9.2;
				MTL_ENABLE_DEBUG_INFO = YES;
				ONLY_ACTIVE_ARCH = YES;
				SDKROOT = iphoneos;
				SWIFT_OPTIMIZATION_LEVEL = "-Onone";
			};
			name = Debug;
		};
		03AC14841C85F39800C156A3 /* Release */ = {
			isa = XCBuildConfiguration;
			buildSettings = {
				ALWAYS_SEARCH_USER_PATHS = NO;
				CLANG_CXX_LANGUAGE_STANDARD = "gnu++0x";
				CLANG_CXX_LIBRARY = "libc++";
				CLANG_ENABLE_MODULES = YES;
				CLANG_ENABLE_OBJC_ARC = YES;
				CLANG_WARN_BOOL_CONVERSION = YES;
				CLANG_WARN_CONSTANT_CONVERSION = YES;
				CLANG_WARN_DIRECT_OBJC_ISA_USAGE = YES_ERROR;
				CLANG_WARN_EMPTY_BODY = YES;
				CLANG_WARN_ENUM_CONVERSION = YES;
				CLANG_WARN_INT_CONVERSION = YES;
				CLANG_WARN_OBJC_ROOT_CLASS = YES_ERROR;
				CLANG_WARN_UNREACHABLE_CODE = YES;
				CLANG_WARN__DUPLICATE_METHOD_MATCH = YES;
				"CODE_SIGN_IDENTITY[sdk=iphoneos*]" = "iPhone Developer";
				COPY_PHASE_STRIP = NO;
				DEBUG_INFORMATION_FORMAT = "dwarf-with-dsym";
				ENABLE_NS_ASSERTIONS = NO;
				ENABLE_STRICT_OBJC_MSGSEND = YES;
				GCC_C_LANGUAGE_STANDARD = gnu99;
				GCC_NO_COMMON_BLOCKS = YES;
				GCC_WARN_64_TO_32_BIT_CONVERSION = YES;
				GCC_WARN_ABOUT_RETURN_TYPE = YES_ERROR;
				GCC_WARN_UNDECLARED_SELECTOR = YES;
				GCC_WARN_UNINITIALIZED_AUTOS = YES_AGGRESSIVE;
				GCC_WARN_UNUSED_FUNCTION = YES;
				GCC_WARN_UNUSED_VARIABLE = YES;
				IPHONEOS_DEPLOYMENT_TARGET = 9.2;
				MTL_ENABLE_DEBUG_INFO = NO;
				SDKROOT = iphoneos;
				VALIDATE_PRODUCT = YES;
			};
			name = Release;
		};
		03AC14861C85F39800C156A3 /* Debug */ = {
			isa = XCBuildConfiguration;
			buildSettings = {
				ASSETCATALOG_COMPILER_APPICON_NAME = AppIcon;
				INFOPLIST_FILE = Buzzword/Info.plist;
				LD_RUNPATH_SEARCH_PATHS = "$(inherited) @executable_path/Frameworks";
				PRODUCT_BUNDLE_IDENTIFIER = ch.bfh.Buzzword;
				PRODUCT_NAME = "$(TARGET_NAME)";
			};
			name = Debug;
		};
		03AC14871C85F39800C156A3 /* Release */ = {
			isa = XCBuildConfiguration;
			buildSettings = {
				ASSETCATALOG_COMPILER_APPICON_NAME = AppIcon;
				INFOPLIST_FILE = Buzzword/Info.plist;
				LD_RUNPATH_SEARCH_PATHS = "$(inherited) @executable_path/Frameworks";
				PRODUCT_BUNDLE_IDENTIFIER = ch.bfh.Buzzword;
				PRODUCT_NAME = "$(TARGET_NAME)";
			};
			name = Release;
		};
		03AC14891C85F39800C156A3 /* Debug */ = {
			isa = XCBuildConfiguration;
			buildSettings = {
				BUNDLE_LOADER = "$(TEST_HOST)";
				CLANG_ENABLE_MODULES = YES;
				INFOPLIST_FILE = BuzzwordTests/Info.plist;
				LD_RUNPATH_SEARCH_PATHS = "$(inherited) @executable_path/Frameworks @loader_path/Frameworks";
				PRODUCT_BUNDLE_IDENTIFIER = ch.bfh.Buzzword;
				PRODUCT_NAME = "$(TARGET_NAME)";
				SWIFT_OPTIMIZATION_LEVEL = "-Onone";
				TEST_HOST = "$(BUILT_PRODUCTS_DIR)/Buzzword.app/Buzzword";
			};
			name = Debug;
		};
		03AC148A1C85F39800C156A3 /* Release */ = {
			isa = XCBuildConfiguration;
			buildSettings = {
				BUNDLE_LOADER = "$(TEST_HOST)";
				CLANG_ENABLE_MODULES = YES;
				INFOPLIST_FILE = BuzzwordTests/Info.plist;
				LD_RUNPATH_SEARCH_PATHS = "$(inherited) @executable_path/Frameworks @loader_path/Frameworks";
				PRODUCT_BUNDLE_IDENTIFIER = ch.bfh.Buzzword;
				PRODUCT_NAME = "$(TARGET_NAME)";
				TEST_HOST = "$(BUILT_PRODUCTS_DIR)/Buzzword.app/Buzzword";
			};
			name = Release;
		};
/* End XCBuildConfiguration section */

/* Begin XCConfigurationList section */
		03AC14631C85F39800C156A3 /* Build configuration list for PBXProject "Buzzowrd" */ = {
			isa = XCConfigurationList;
			buildConfigurations = (
				03AC14831C85F39800C156A3 /* Debug */,
				03AC14841C85F39800C156A3 /* Release */,
			);
			defaultConfigurationIsVisible = 0;
			defaultConfigurationName = Release;
		};
		03AC14851C85F39800C156A3 /* Build configuration list for PBXNativeTarget "Buzzword" */ = {
			isa = XCConfigurationList;
			buildConfigurations = (
				03AC14861C85F39800C156A3 /* Debug */,
				03AC14871C85F39800C156A3 /* Release */,
			);
			defaultConfigurationIsVisible = 0;
			defaultConfigurationName = Release;
		};
		03AC14881C85F39800C156A3 /* Build configuration list for PBXNativeTarget "BuzzwordTests" */ = {
			isa = XCConfigurationList;
			buildConfigurations = (
				03AC14891C85F39800C156A3 /* Debug */,
				03AC148A1C85F39800C156A3 /* Release */,
			);
			defaultConfigurationIsVisible = 0;
			defaultConfigurationName = Release;
		};
/* End XCConfigurationList section */
	};
	rootObject = 03AC14601C85F39800C156A3 /* Project object */;
}
